
Microsoft Visual Studio Solution File, Format Version 12.00
# Visual Studio Version 17
VisualStudioVersion = 17.6.33829.357
MinimumVisualStudioVersion = 10.0.40219.1
Project("{FAE04EC0-301F-11D3-BF4B-00C04F79EFBC}") = "Login", "Login\Login.csproj", "{61490E01-CA05-43F1-B5A8-2788D26AE912}"
EndProject
Global
	GlobalSection(SolutionConfigurationPlatforms) = preSolution
		Debug|Any CPU = Debug|Any CPU
		Release|Any CPU = Release|Any CPU
	EndGlobalSection
	GlobalSection(ProjectConfigurationPlatforms) = postSolution
		{61490E01-CA05-43F1-B5A8-2788D26AE912}.Debug|Any CPU.ActiveCfg = Debug|Any CPU
		{61490E01-CA05-43F1-B5A8-2788D26AE912}.Debug|Any CPU.Build.0 = Debug|Any CPU
		{61490E01-CA05-43F1-B5A8-2788D26AE912}.Release|Any CPU.ActiveCfg = Release|Any CPU
		{61490E01-CA05-43F1-B5A8-2788D26AE912}.Release|Any CPU.Build.0 = Release|Any CPU
	EndGlobalSection
	GlobalSection(SolutionProperties) = preSolution
		HideSolutionNode = FALSE
	EndGlobalSection
	GlobalSection(ExtensibilityGlobals) = postSolution
		SolutionGuid = {839B58DB-38B4-4DB7-A3A5-1E32C8D080E7}
	EndGlobalSection
EndGlobal
